
Microsoft Visual Studio Solution File, Format Version 12.00
# Visual Studio 15
Project("{FAE04EC0-301F-11D3-BF4B-00C04F79EFBC}") = "Assembly-CSharp", "Assembly-CSharp.csproj", "{010F557A-52D6-F326-0702-1FB4E354A734}"
EndProject
Project("{FAE04EC0-301F-11D3-BF4B-00C04F79EFBC}") = "Assembly-CSharp-Editor", "Assembly-CSharp-Editor.csproj", "{12E90976-7AA2-9B83-AEF6-872CCEFC9EAF}"
EndProject
Global
	GlobalSection(SolutionConfigurationPlatforms) = preSolution
		Debug|Any CPU = Debug|Any CPU
		Release|Any CPU = Release|Any CPU
	EndGlobalSection
	GlobalSection(ProjectConfigurationPlatforms) = postSolution
		{010F557A-52D6-F326-0702-1FB4E354A734}.Debug|Any CPU.ActiveCfg = Debug|Any CPU
		{010F557A-52D6-F326-0702-1FB4E354A734}.Debug|Any CPU.Build.0 = Debug|Any CPU
		{010F557A-52D6-F326-0702-1FB4E354A734}.Release|Any CPU.ActiveCfg = Release|Any CPU
		{010F557A-52D6-F326-0702-1FB4E354A734}.Release|Any CPU.Build.0 = Release|Any CPU
		{12E90976-7AA2-9B83-AEF6-872CCEFC9EAF}.Debug|Any CPU.ActiveCfg = Debug|Any CPU
		{12E90976-7AA2-9B83-AEF6-872CCEFC9EAF}.Debug|Any CPU.Build.0 = Debug|Any CPU
		{12E90976-7AA2-9B83-AEF6-872CCEFC9EAF}.Release|Any CPU.ActiveCfg = Release|Any CPU
		{12E90976-7AA2-9B83-AEF6-872CCEFC9EAF}.Release|Any CPU.Build.0 = Release|Any CPU
	EndGlobalSection
	GlobalSection(SolutionProperties) = preSolution
		HideSolutionNode = FALSE
	EndGlobalSection
EndGlobal
